
Microsoft Visual Studio Solution File, Format Version 12.00
# Visual Studio Version 17
VisualStudioVersion = 17.8.34511.84
MinimumVisualStudioVersion = 10.0.40219.1
Project("{FAE04EC0-301F-11D3-BF4B-00C04F79EFBC}") = "пианино", "пианино\пианино.csproj", "{EFAEEFBF-43A8-45EE-B6AF-ECC5579ED974}"
EndProject
Global
	GlobalSection(SolutionConfigurationPlatforms) = preSolution
		Debug|Any CPU = Debug|Any CPU
		Release|Any CPU = Release|Any CPU
	EndGlobalSection
	GlobalSection(ProjectConfigurationPlatforms) = postSolution
		{EFAEEFBF-43A8-45EE-B6AF-ECC5579ED974}.Debug|Any CPU.ActiveCfg = Debug|Any CPU
		{EFAEEFBF-43A8-45EE-B6AF-ECC5579ED974}.Debug|Any CPU.Build.0 = Debug|Any CPU
		{EFAEEFBF-43A8-45EE-B6AF-ECC5579ED974}.Release|Any CPU.ActiveCfg = Release|Any CPU
		{EFAEEFBF-43A8-45EE-B6AF-ECC5579ED974}.Release|Any CPU.Build.0 = Release|Any CPU
	EndGlobalSection
	GlobalSection(SolutionProperties) = preSolution
		HideSolutionNode = FALSE
	EndGlobalSection
	GlobalSection(ExtensibilityGlobals) = postSolution
		SolutionGuid = {8C5C9C05-1AC9-4D9F-91D4-CFD6105B93C5}
	EndGlobalSection
EndGlobal
